
Microsoft Visual Studio Solution File, Format Version 12.00
# Visual Studio Version 17
VisualStudioVersion = 17.5.33627.172
MinimumVisualStudioVersion = 10.0.40219.1
Project("{FAE04EC0-301F-11D3-BF4B-00C04F79EFBC}") = "IT.Collections.Factory", "IT.Collections.Factory\IT.Collections.Factory.csproj", "{BF7E008E-1476-4993-B489-1F5C927E7B70}"
EndProject
Global
	GlobalSection(SolutionConfigurationPlatforms) = preSolution
		Debug|Any CPU = Debug|Any CPU
		Release|Any CPU = Release|Any CPU
	EndGlobalSection
	GlobalSection(ProjectConfigurationPlatforms) = postSolution
		{BF7E008E-1476-4993-B489-1F5C927E7B70}.Debug|Any CPU.ActiveCfg = Debug|Any CPU
		{BF7E008E-1476-4993-B489-1F5C927E7B70}.Debug|Any CPU.Build.0 = Debug|Any CPU
		{BF7E008E-1476-4993-B489-1F5C927E7B70}.Release|Any CPU.ActiveCfg = Release|Any CPU
		{BF7E008E-1476-4993-B489-1F5C927E7B70}.Release|Any CPU.Build.0 = Release|Any CPU
	EndGlobalSection
	GlobalSection(SolutionProperties) = preSolution
		HideSolutionNode = FALSE
	EndGlobalSection
	GlobalSection(ExtensibilityGlobals) = postSolution
		SolutionGuid = {967C3FA1-B034-4AE6-8C23-7A75F3CB4FEF}
	EndGlobalSection
EndGlobal
